
Microsoft Visual Studio Solution File, Format Version 12.00
Project("{FAE04EC0-301F-11D3-BF4B-00C04F79EFBC}") = "Custom Protocol Handler", "Custom Protocol Handler.csproj", "{03ED264F-AD97-475D-82EF-A20A4803C08C}"
EndProject
Global
	GlobalSection(SolutionConfigurationPlatforms) = preSolution
		Debug|Any CPU = Debug|Any CPU
		Release|Any CPU = Release|Any CPU
	EndGlobalSection
	GlobalSection(ProjectConfigurationPlatforms) = postSolution
		{03ED264F-AD97-475D-82EF-A20A4803C08C}.Debug|Any CPU.ActiveCfg = Debug|Any CPU
		{03ED264F-AD97-475D-82EF-A20A4803C08C}.Debug|Any CPU.Build.0 = Debug|Any CPU
		{03ED264F-AD97-475D-82EF-A20A4803C08C}.Release|Any CPU.ActiveCfg = Release|Any CPU
		{03ED264F-AD97-475D-82EF-A20A4803C08C}.Release|Any CPU.Build.0 = Release|Any CPU
	EndGlobalSection
EndGlobal
